// !$*UTF8*$!
{
	archiveVersion = 1;
	classes = {
	};
	objectVersion = 56;
	objects = {

/* Begin PBXBuildFile section */
		ED108489291462BC00DC9352 /* TicTacToeApp.swift in Sources */ = {isa = PBXBuildFile; fileRef = ED108488291462BC00DC9352 /* TicTacToeApp.swift */; };
		ED10848B291462BC00DC9352 /* HomeView.swift in Sources */ = {isa = PBXBuildFile; fileRef = ED10848A291462BC00DC9352 /* HomeView.swift */; };
		ED10848D291462BD00DC9352 /* Assets.xcassets in Resources */ = {isa = PBXBuildFile; fileRef = ED10848C291462BD00DC9352 /* Assets.xcassets */; };
		ED108490291462BD00DC9352 /* Preview Assets.xcassets in Resources */ = {isa = PBXBuildFile; fileRef = ED10848F291462BD00DC9352 /* Preview Assets.xcassets */; };
		ED1084972914664A00DC9352 /* GameView.swift in Sources */ = {isa = PBXBuildFile; fileRef = ED1084962914664A00DC9352 /* GameView.swift */; };
		ED1084992914678D00DC9352 /* GameButton.swift in Sources */ = {isa = PBXBuildFile; fileRef = ED1084982914678D00DC9352 /* GameButton.swift */; };
		ED10849B2914690C00DC9352 /* HomeViewModel.swift in Sources */ = {isa = PBXBuildFile; fileRef = ED10849A2914690C00DC9352 /* HomeViewModel.swift */; };
		ED1084A129147ABF00DC9352 /* GameSquareView.swift in Sources */ = {isa = PBXBuildFile; fileRef = ED1084A029147ABF00DC9352 /* GameSquareView.swift */; };
		ED1084A329147B3900DC9352 /* PlayerIndicatorView.swift in Sources */ = {isa = PBXBuildFile; fileRef = ED1084A229147B3900DC9352 /* PlayerIndicatorView.swift */; };
		ED1084A5291485BB00DC9352 /* LoadingView.swift in Sources */ = {isa = PBXBuildFile; fileRef = ED1084A4291485BB00DC9352 /* LoadingView.swift */; };
		ED1084A7291487E300DC9352 /* GameViewModel.swift in Sources */ = {isa = PBXBuildFile; fileRef = ED1084A6291487E300DC9352 /* GameViewModel.swift */; };
		ED1084A92914992900DC9352 /* Model.swift in Sources */ = {isa = PBXBuildFile; fileRef = ED1084A82914992900DC9352 /* Model.swift */; };
		ED2CE45C2915FF6B0081204B /* User.swift in Sources */ = {isa = PBXBuildFile; fileRef = ED2CE45B2915FF6B0081204B /* User.swift */; };
/* End PBXBuildFile section */

/* Begin PBXFileReference section */
		ED108485291462BC00DC9352 /* TicTacToe.app */ = {isa = PBXFileReference; explicitFileType = wrapper.application; includeInIndex = 0; path = TicTacToe.app; sourceTree = BUILT_PRODUCTS_DIR; };
		ED108488291462BC00DC9352 /* TicTacToeApp.swift */ = {isa = PBXFileReference; lastKnownFileType = sourcecode.swift; path = TicTacToeApp.swift; sourceTree = "<group>"; };
		ED10848A291462BC00DC9352 /* HomeView.swift */ = {isa = PBXFileReference; lastKnownFileType = sourcecode.swift; path = HomeView.swift; sourceTree = "<group>"; };
		ED10848C291462BD00DC9352 /* Assets.xcassets */ = {isa = PBXFileReference; lastKnownFileType = folder.assetcatalog; path = Assets.xcassets; sourceTree = "<group>"; };
		ED10848F291462BD00DC9352 /* Preview Assets.xcassets */ = {isa = PBXFileReference; lastKnownFileType = folder.assetcatalog; path = "Preview Assets.xcassets"; sourceTree = "<group>"; };
		ED1084962914664A00DC9352 /* GameView.swift */ = {isa = PBXFileReference; lastKnownFileType = sourcecode.swift; path = GameView.swift; sourceTree = "<group>"; };
		ED1084982914678D00DC9352 /* GameButton.swift */ = {isa = PBXFileReference; lastKnownFileType = sourcecode.swift; path = GameButton.swift; sourceTree = "<group>"; };
		ED10849A2914690C00DC9352 /* HomeViewModel.swift */ = {isa = PBXFileReference; lastKnownFileType = sourcecode.swift; path = HomeViewModel.swift; sourceTree = "<group>"; };
		ED1084A029147ABF00DC9352 /* GameSquareView.swift */ = {isa = PBXFileReference; lastKnownFileType = sourcecode.swift; path = GameSquareView.swift; sourceTree = "<group>"; };
		ED1084A229147B3900DC9352 /* PlayerIndicatorView.swift */ = {isa = PBXFileReference; lastKnownFileType = sourcecode.swift; path = PlayerIndicatorView.swift; sourceTree = "<group>"; };
		ED1084A4291485BB00DC9352 /* LoadingView.swift */ = {isa = PBXFileReference; lastKnownFileType = sourcecode.swift; path = LoadingView.swift; sourceTree = "<group>"; };
		ED1084A6291487E300DC9352 /* GameViewModel.swift */ = {isa = PBXFileReference; lastKnownFileType = sourcecode.swift; path = GameViewModel.swift; sourceTree = "<group>"; };
		ED1084A82914992900DC9352 /* Model.swift */ = {isa = PBXFileReference; lastKnownFileType = sourcecode.swift; path = Model.swift; sourceTree = "<group>"; };
		ED2CE45B2915FF6B0081204B /* User.swift */ = {isa = PBXFileReference; lastKnownFileType = sourcecode.swift; path = User.swift; sourceTree = "<group>"; };
/* End PBXFileReference section */

/* Begin PBXFrameworksBuildPhase section */
		ED108482291462BC00DC9352 /* Frameworks */ = {
			isa = PBXFrameworksBuildPhase;
			buildActionMask = 2147483647;
			files = (
			);
			runOnlyForDeploymentPostprocessing = 0;
		};
/* End PBXFrameworksBuildPhase section */

/* Begin PBXGroup section */
		ED10847C291462BC00DC9352 = {
			isa = PBXGroup;
			children = (
				ED108487291462BC00DC9352 /* TicTacToe */,
				ED108486291462BC00DC9352 /* Products */,
			);
			sourceTree = "<group>";
		};
		ED108486291462BC00DC9352 /* Products */ = {
			isa = PBXGroup;
			children = (
				ED108485291462BC00DC9352 /* TicTacToe.app */,
			);
			name = Products;
			sourceTree = "<group>";
		};
		ED108487291462BC00DC9352 /* TicTacToe */ = {
			isa = PBXGroup;
			children = (
				ED108488291462BC00DC9352 /* TicTacToeApp.swift */,
				ED1084AA2914993500DC9352 /* Model */,
				ED10849E2914747B00DC9352 /* Views */,
				ED10849F2914749900DC9352 /* SecondaryViews */,
				ED10848C291462BD00DC9352 /* Assets.xcassets */,
				ED10848E291462BD00DC9352 /* Preview Content */,
			);
			path = TicTacToe;
			sourceTree = "<group>";
		};
		ED10848E291462BD00DC9352 /* Preview Content */ = {
			isa = PBXGroup;
			children = (
				ED10848F291462BD00DC9352 /* Preview Assets.xcassets */,
			);
			path = "Preview Content";
			sourceTree = "<group>";
		};
		ED10849C2914744500DC9352 /* HomeView */ = {
			isa = PBXGroup;
			children = (
				ED10848A291462BC00DC9352 /* HomeView.swift */,
				ED10849A2914690C00DC9352 /* HomeViewModel.swift */,
			);
			path = HomeView;
			sourceTree = "<group>";
		};
		ED10849D2914746600DC9352 /* GameView */ = {
			isa = PBXGroup;
			children = (
				ED1084962914664A00DC9352 /* GameView.swift */,
				ED1084A6291487E300DC9352 /* GameViewModel.swift */,
			);
			path = GameView;
			sourceTree = "<group>";
		};
		ED10849E2914747B00DC9352 /* Views */ = {
			isa = PBXGroup;
			children = (
				ED10849C2914744500DC9352 /* HomeView */,
				ED10849D2914746600DC9352 /* GameView */,
			);
			path = Views;
			sourceTree = "<group>";
		};
		ED10849F2914749900DC9352 /* SecondaryViews */ = {
			isa = PBXGroup;
			children = (
				ED1084982914678D00DC9352 /* GameButton.swift */,
				ED1084A029147ABF00DC9352 /* GameSquareView.swift */,
				ED1084A229147B3900DC9352 /* PlayerIndicatorView.swift */,
				ED1084A4291485BB00DC9352 /* LoadingView.swift */,
			);
			path = SecondaryViews;
			sourceTree = "<group>";
		};
		ED1084AA2914993500DC9352 /* Model */ = {
			isa = PBXGroup;
			children = (
				ED1084A82914992900DC9352 /* Model.swift */,
				ED2CE45B2915FF6B0081204B /* User.swift */,
			);
			path = Model;
			sourceTree = "<group>";
		};
/* End PBXGroup section */

/* Begin PBXNativeTarget section */
		ED108484291462BC00DC9352 /* TicTacToe */ = {
			isa = PBXNativeTarget;
			buildConfigurationList = ED108493291462BD00DC9352 /* Build configuration list for PBXNativeTarget "TicTacToe" */;
			buildPhases = (
				ED108481291462BC00DC9352 /* Sources */,
				ED108482291462BC00DC9352 /* Frameworks */,
				ED108483291462BC00DC9352 /* Resources */,
			);
			buildRules = (
			);
			dependencies = (
			);
			name = TicTacToe;
			productName = TicTacToe;
			productReference = ED108485291462BC00DC9352 /* TicTacToe.app */;
			productType = "com.apple.product-type.application";
		};
/* End PBXNativeTarget section */

/* Begin PBXProject section */
		ED10847D291462BC00DC9352 /* Project object */ = {
			isa = PBXProject;
			attributes = {
				BuildIndependentTargetsInParallel = 1;
				LastSwiftUpdateCheck = 1400;
				LastUpgradeCheck = 1400;
				TargetAttributes = {
					ED108484291462BC00DC9352 = {
						CreatedOnToolsVersion = 14.0.1;
					};
				};
			};
			buildConfigurationList = ED108480291462BC00DC9352 /* Build configuration list for PBXProject "TicTacToe" */;
			compatibilityVersion = "Xcode 14.0";
			developmentRegion = en;
			hasScannedForEncodings = 0;
			knownRegions = (
				en,
				Base,
			);
			mainGroup = ED10847C291462BC00DC9352;
			productRefGroup = ED108486291462BC00DC9352 /* Products */;
			projectDirPath = "";
			projectRoot = "";
			targets = (
				ED108484291462BC00DC9352 /* TicTacToe */,
			);
		};
/* End PBXProject section */

/* Begin PBXResourcesBuildPhase section */
		ED108483291462BC00DC9352 /* Resources */ = {
			isa = PBXResourcesBuildPhase;
			buildActionMask = 2147483647;
			files = (
				ED108490291462BD00DC9352 /* Preview Assets.xcassets in Resources */,
				ED10848D291462BD00DC9352 /* Assets.xcassets in Resources */,
			);
			runOnlyForDeploymentPostprocessing = 0;
		};
/* End PBXResourcesBuildPhase section */

/* Begin PBXSourcesBuildPhase section */
		ED108481291462BC00DC9352 /* Sources */ = {
			isa = PBXSourcesBuildPhase;
			buildActionMask = 2147483647;
			files = (
				ED1084A7291487E300DC9352 /* GameViewModel.swift in Sources */,
				ED10848B291462BC00DC9352 /* HomeView.swift in Sources */,
				ED1084A329147B3900DC9352 /* PlayerIndicatorView.swift in Sources */,
				ED1084992914678D00DC9352 /* GameButton.swift in Sources */,
				ED1084972914664A00DC9352 /* GameView.swift in Sources */,
				ED1084A92914992900DC9352 /* Model.swift in Sources */,
				ED1084A129147ABF00DC9352 /* GameSquareView.swift in Sources */,
				ED1084A5291485BB00DC9352 /* LoadingView.swift in Sources */,
				ED10849B2914690C00DC9352 /* HomeViewModel.swift in Sources */,
				ED108489291462BC00DC9352 /* TicTacToeApp.swift in Sources */,
				ED2CE45C2915FF6B0081204B /* User.swift in Sources */,
			);
			runOnlyForDeploymentPostprocessing = 0;
		};
/* End PBXSourcesBuildPhase section */

/* Begin XCBuildConfiguration section */
		ED108491291462BD00DC9352 /* Debug */ = {
			isa = XCBuildConfiguration;
			buildSettings = {
				ALWAYS_SEARCH_USER_PATHS = NO;
				CLANG_ANALYZER_NONNULL = YES;
				CLANG_ANALYZER_NUMBER_OBJECT_CONVERSION = YES_AGGRESSIVE;
				CLANG_CXX_LANGUAGE_STANDARD = "gnu++20";
				CLANG_ENABLE_MODULES = YES;
				CLANG_ENABLE_OBJC_ARC = YES;
				CLANG_ENABLE_OBJC_WEAK = YES;
				CLANG_WARN_BLOCK_CAPTURE_AUTORELEASING = YES;
				CLANG_WARN_BOOL_CONVERSION = YES;
				CLANG_WARN_COMMA = YES;
				CLANG_WARN_CONSTANT_CONVERSION = YES;
				CLANG_WARN_DEPRECATED_OBJC_IMPLEMENTATIONS = YES;
				CLANG_WARN_DIRECT_OBJC_ISA_USAGE = YES_ERROR;
				CLANG_WARN_DOCUMENTATION_COMMENTS = YES;
				CLANG_WARN_EMPTY_BODY = YES;
				CLANG_WARN_ENUM_CONVERSION = YES;
				CLANG_WARN_INFINITE_RECURSION = YES;
				CLANG_WARN_INT_CONVERSION = YES;
				CLANG_WARN_NON_LITERAL_NULL_CONVERSION = YES;
				CLANG_WARN_OBJC_IMPLICIT_RETAIN_SELF = YES;
				CLANG_WARN_OBJC_LITERAL_CONVERSION = YES;
				CLANG_WARN_OBJC_ROOT_CLASS = YES_ERROR;
				CLANG_WARN_QUOTED_INCLUDE_IN_FRAMEWORK_HEADER = YES;
				CLANG_WARN_RANGE_LOOP_ANALYSIS = YES;
				CLANG_WARN_STRICT_PROTOTYPES = YES;
				CLANG_WARN_SUSPICIOUS_MOVE = YES;
				CLANG_WARN_UNGUARDED_AVAILABILITY = YES_AGGRESSIVE;
				CLANG_WARN_UNREACHABLE_CODE = YES;
				CLANG_WARN__DUPLICATE_METHOD_MATCH = YES;
				COPY_PHASE_STRIP = NO;
				DEBUG_INFORMATION_FORMAT = dwarf;
				ENABLE_STRICT_OBJC_MSGSEND = YES;
				ENABLE_TESTABILITY = YES;
				GCC_C_LANGUAGE_STANDARD = gnu11;
				GCC_DYNAMIC_NO_PIC = NO;
				GCC_NO_COMMON_BLOCKS = YES;
				GCC_OPTIMIZATION_LEVEL = 0;
				GCC_PREPROCESSOR_DEFINITIONS = (
					"DEBUG=1",
					"$(inherited)",
				);
				GCC_WARN_64_TO_32_BIT_CONVERSION = YES;
				GCC_WARN_ABOUT_RETURN_TYPE = YES_ERROR;
				GCC_WARN_UNDECLARED_SELECTOR = YES;
				GCC_WARN_UNINITIALIZED_AUTOS = YES_AGGRESSIVE;
				GCC_WARN_UNUSED_FUNCTION = YES;
				GCC_WARN_UNUSED_VARIABLE = YES;
				IPHONEOS_DEPLOYMENT_TARGET = 16.0;
				MTL_ENABLE_DEBUG_INFO = INCLUDE_SOURCE;
				MTL_FAST_MATH = YES;
				ONLY_ACTIVE_ARCH = YES;
				SDKROOT = iphoneos;
				SWIFT_ACTIVE_COMPILATION_CONDITIONS = DEBUG;
				SWIFT_OPTIMIZATION_LEVEL = "-Onone";
			};
			name = Debug;
		};
		ED108492291462BD00DC9352 /* Release */ = {
			isa = XCBuildConfiguration;
			buildSettings = {
				ALWAYS_SEARCH_USER_PATHS = NO;
				CLANG_ANALYZER_NONNULL = YES;
				CLANG_ANALYZER_NUMBER_OBJECT_CONVERSION = YES_AGGRESSIVE;
				CLANG_CXX_LANGUAGE_STANDARD = "gnu++20";
				CLANG_ENABLE_MODULES = YES;
				CLANG_ENABLE_OBJC_ARC = YES;
				CLANG_ENABLE_OBJC_WEAK = YES;
				CLANG_WARN_BLOCK_CAPTURE_AUTORELEASING = YES;
				CLANG_WARN_BOOL_CONVERSION = YES;
				CLANG_WARN_COMMA = YES;
				CLANG_WARN_CONSTANT_CONVERSION = YES;
				CLANG_WARN_DEPRECATED_OBJC_IMPLEMENTATIONS = YES;
				CLANG_WARN_DIRECT_OBJC_ISA_USAGE = YES_ERROR;
				CLANG_WARN_DOCUMENTATION_COMMENTS = YES;
				CLANG_WARN_EMPTY_BODY = YES;
				CLANG_WARN_ENUM_CONVERSION = YES;
				CLANG_WARN_INFINITE_RECURSION = YES;
				CLANG_WARN_INT_CONVERSION = YES;
				CLANG_WARN_NON_LITERAL_NULL_CONVERSION = YES;
				CLANG_WARN_OBJC_IMPLICIT_RETAIN_SELF = YES;
				CLANG_WARN_OBJC_LITERAL_CONVERSION = YES;
				CLANG_WARN_OBJC_ROOT_CLASS = YES_ERROR;
				CLANG_WARN_QUOTED_INCLUDE_IN_FRAMEWORK_HEADER = YES;
				CLANG_WARN_RANGE_LOOP_ANALYSIS = YES;
				CLANG_WARN_STRICT_PROTOTYPES = YES;
				CLANG_WARN_SUSPICIOUS_MOVE = YES;
				CLANG_WARN_UNGUARDED_AVAILABILITY = YES_AGGRESSIVE;
				CLANG_WARN_UNREACHABLE_CODE = YES;
				CLANG_WARN__DUPLICATE_METHOD_MATCH = YES;
				COPY_PHASE_STRIP = NO;
				DEBUG_INFORMATION_FORMAT = "dwarf-with-dsym";
				ENABLE_NS_ASSERTIONS = NO;
				ENABLE_STRICT_OBJC_MSGSEND = YES;
				GCC_C_LANGUAGE_STANDARD = gnu11;
				GCC_NO_COMMON_BLOCKS = YES;
				GCC_WARN_64_TO_32_BIT_CONVERSION = YES;
				GCC_WARN_ABOUT_RETURN_TYPE = YES_ERROR;
				GCC_WARN_UNDECLARED_SELECTOR = YES;
				GCC_WARN_UNINITIALIZED_AUTOS = YES_AGGRESSIVE;
				GCC_WARN_UNUSED_FUNCTION = YES;
				GCC_WARN_UNUSED_VARIABLE = YES;
				IPHONEOS_DEPLOYMENT_TARGET = 16.0;
				MTL_ENABLE_DEBUG_INFO = NO;
				MTL_FAST_MATH = YES;
				SDKROOT = iphoneos;
				SWIFT_COMPILATION_MODE = wholemodule;
				SWIFT_OPTIMIZATION_LEVEL = "-O";
				VALIDATE_PRODUCT = YES;
			};
			name = Release;
		};
		ED108494291462BD00DC9352 /* Debug */ = {
			isa = XCBuildConfiguration;
			buildSettings = {
				ASSETCATALOG_COMPILER_APPICON_NAME = AppIcon;
				ASSETCATALOG_COMPILER_GLOBAL_ACCENT_COLOR_NAME = AccentColor;
				CODE_SIGN_STYLE = Automatic;
				CURRENT_PROJECT_VERSION = 1;
				DEVELOPMENT_ASSET_PATHS = "\"TicTacToe/Preview Content\"";
				DEVELOPMENT_TEAM = 3945C3P68V;
				ENABLE_PREVIEWS = YES;
				GENERATE_INFOPLIST_FILE = YES;
				INFOPLIST_KEY_UIApplicationSceneManifest_Generation = YES;
				INFOPLIST_KEY_UIApplicationSupportsIndirectInputEvents = YES;
				INFOPLIST_KEY_UILaunchScreen_Generation = YES;
				INFOPLIST_KEY_UISupportedInterfaceOrientations_iPad = "UIInterfaceOrientationPortrait UIInterfaceOrientationPortraitUpsideDown UIInterfaceOrientationLandscapeLeft UIInterfaceOrientationLandscapeRight";
				INFOPLIST_KEY_UISupportedInterfaceOrientations_iPhone = "UIInterfaceOrientationPortrait UIInterfaceOrientationLandscapeLeft UIInterfaceOrientationLandscapeRight";
				LD_RUNPATH_SEARCH_PATHS = (
					"$(inherited)",
					"@executable_path/Frameworks",
				);
				MARKETING_VERSION = 1.0;
				PRODUCT_BUNDLE_IDENTIFIER = ordozgoite.TicTacToe;
				PRODUCT_NAME = "$(TARGET_NAME)";
				SWIFT_EMIT_LOC_STRINGS = YES;
				SWIFT_VERSION = 5.0;
				TARGETED_DEVICE_FAMILY = "1,2";
			};
			name = Debug;
		};
		ED108495291462BD00DC9352 /* Release */ = {
			isa = XCBuildConfiguration;
			buildSettings = {
				ASSETCATALOG_COMPILER_APPICON_NAME = AppIcon;
				ASSETCATALOG_COMPILER_GLOBAL_ACCENT_COLOR_NAME = AccentColor;
				CODE_SIGN_STYLE = Automatic;
				CURRENT_PROJECT_VERSION = 1;
				DEVELOPMENT_ASSET_PATHS = "\"TicTacToe/Preview Content\"";
				DEVELOPMENT_TEAM = 3945C3P68V;
				ENABLE_PREVIEWS = YES;
				GENERATE_INFOPLIST_FILE = YES;
				INFOPLIST_KEY_UIApplicationSceneManifest_Generation = YES;
				INFOPLIST_KEY_UIApplicationSupportsIndirectInputEvents = YES;
				INFOPLIST_KEY_UILaunchScreen_Generation = YES;
				INFOPLIST_KEY_UISupportedInterfaceOrientations_iPad = "UIInterfaceOrientationPortrait UIInterfaceOrientationPortraitUpsideDown UIInterfaceOrientationLandscapeLeft UIInterfaceOrientationLandscapeRight";
				INFOPLIST_KEY_UISupportedInterfaceOrientations_iPhone = "UIInterfaceOrientationPortrait UIInterfaceOrientationLandscapeLeft UIInterfaceOrientationLandscapeRight";
				LD_RUNPATH_SEARCH_PATHS = (
					"$(inherited)",
					"@executable_path/Frameworks",
				);
				MARKETING_VERSION = 1.0;
				PRODUCT_BUNDLE_IDENTIFIER = ordozgoite.TicTacToe;
				PRODUCT_NAME = "$(TARGET_NAME)";
				SWIFT_EMIT_LOC_STRINGS = YES;
				SWIFT_VERSION = 5.0;
				TARGETED_DEVICE_FAMILY = "1,2";
			};
			name = Release;
		};
/* End XCBuildConfiguration section */

/* Begin XCConfigurationList section */
		ED108480291462BC00DC9352 /* Build configuration list for PBXProject "TicTacToe" */ = {
			isa = XCConfigurationList;
			buildConfigurations = (
				ED108491291462BD00DC9352 /* Debug */,
				ED108492291462BD00DC9352 /* Release */,
			);
			defaultConfigurationIsVisible = 0;
			defaultConfigurationName = Release;
		};
		ED108493291462BD00DC9352 /* Build configuration list for PBXNativeTarget "TicTacToe" */ = {
			isa = XCConfigurationList;
			buildConfigurations = (
				ED108494291462BD00DC9352 /* Debug */,
				ED108495291462BD00DC9352 /* Release */,
			);
			defaultConfigurationIsVisible = 0;
			defaultConfigurationName = Release;
		};
/* End XCConfigurationList section */
	};
	rootObject = ED10847D291462BC00DC9352 /* Project object */;
}
